
Microsoft Visual Studio Solution File, Format Version 12.00
# Visual Studio 15
VisualStudioVersion = 15.0.28307.852
MinimumVisualStudioVersion = 10.0.40219.1
Project("{8BC9CEB8-8B4A-11D0-8D11-00A0C91BC942}") = "SnakeRewrite", "SnakeRewrite\SnakeRewrite.vcxproj", "{DC0185BA-5DF6-49A2-8951-BC478F18C5C1}"
EndProject
Global
	GlobalSection(SolutionConfigurationPlatforms) = preSolution
		Debug|x64 = Debug|x64
		Debug|x86 = Debug|x86
		Release|x64 = Release|x64
		Release|x86 = Release|x86
	EndGlobalSection
	GlobalSection(ProjectConfigurationPlatforms) = postSolution
		{DC0185BA-5DF6-49A2-8951-BC478F18C5C1}.Debug|x64.ActiveCfg = Debug|x64
		{DC0185BA-5DF6-49A2-8951-BC478F18C5C1}.Debug|x64.Build.0 = Debug|x64
		{DC0185BA-5DF6-49A2-8951-BC478F18C5C1}.Debug|x86.ActiveCfg = Debug|Win32
		{DC0185BA-5DF6-49A2-8951-BC478F18C5C1}.Debug|x86.Build.0 = Debug|Win32
		{DC0185BA-5DF6-49A2-8951-BC478F18C5C1}.Release|x64.ActiveCfg = Release|x64
		{DC0185BA-5DF6-49A2-8951-BC478F18C5C1}.Release|x64.Build.0 = Release|x64
		{DC0185BA-5DF6-49A2-8951-BC478F18C5C1}.Release|x86.ActiveCfg = Release|Win32
		{DC0185BA-5DF6-49A2-8951-BC478F18C5C1}.Release|x86.Build.0 = Release|Win32
	EndGlobalSection
	GlobalSection(SolutionProperties) = preSolution
		HideSolutionNode = FALSE
	EndGlobalSection
	GlobalSection(ExtensibilityGlobals) = postSolution
		SolutionGuid = {F1C8D0F7-E124-4EA8-8DC1-CCF3B79ACDEF}
	EndGlobalSection
EndGlobal
